
Microsoft Visual Studio Solution File, Format Version 12.00
# Visual Studio Version 17
VisualStudioVersion = 17.10.34928.147
MinimumVisualStudioVersion = 10.0.40219.1
Project("{FAE04EC0-301F-11D3-BF4B-00C04F79EFBC}") = "PetStore.WebApi", "PetStore.WebApi\PetStore.WebApi.csproj", "{3645D9C7-9403-41A8-B929-632E1B072D18}"
EndProject
Project("{FAE04EC0-301F-11D3-BF4B-00C04F79EFBC}") = "PetStore.Data", "PetStore.Data\PetStore.Data.csproj", "{AED5F22B-39EE-438D-A53F-85BAA823EBF4}"
EndProject
Project("{FAE04EC0-301F-11D3-BF4B-00C04F79EFBC}") = "PetStore.Tests", "PetStore.Tests\PetStore.Tests.csproj", "{1A98CA8F-E1D4-447C-9DFA-BB5C175A3DAE}"
EndProject
Global
	GlobalSection(SolutionConfigurationPlatforms) = preSolution
		Debug|Any CPU = Debug|Any CPU
		Release|Any CPU = Release|Any CPU
	EndGlobalSection
	GlobalSection(ProjectConfigurationPlatforms) = postSolution
		{3645D9C7-9403-41A8-B929-632E1B072D18}.Debug|Any CPU.ActiveCfg = Debug|Any CPU
		{3645D9C7-9403-41A8-B929-632E1B072D18}.Debug|Any CPU.Build.0 = Debug|Any CPU
		{3645D9C7-9403-41A8-B929-632E1B072D18}.Release|Any CPU.ActiveCfg = Release|Any CPU
		{3645D9C7-9403-41A8-B929-632E1B072D18}.Release|Any CPU.Build.0 = Release|Any CPU
		{AED5F22B-39EE-438D-A53F-85BAA823EBF4}.Debug|Any CPU.ActiveCfg = Debug|Any CPU
		{AED5F22B-39EE-438D-A53F-85BAA823EBF4}.Debug|Any CPU.Build.0 = Debug|Any CPU
		{AED5F22B-39EE-438D-A53F-85BAA823EBF4}.Release|Any CPU.ActiveCfg = Release|Any CPU
		{AED5F22B-39EE-438D-A53F-85BAA823EBF4}.Release|Any CPU.Build.0 = Release|Any CPU
		{1A98CA8F-E1D4-447C-9DFA-BB5C175A3DAE}.Debug|Any CPU.ActiveCfg = Debug|Any CPU
		{1A98CA8F-E1D4-447C-9DFA-BB5C175A3DAE}.Debug|Any CPU.Build.0 = Debug|Any CPU
		{1A98CA8F-E1D4-447C-9DFA-BB5C175A3DAE}.Release|Any CPU.ActiveCfg = Release|Any CPU
		{1A98CA8F-E1D4-447C-9DFA-BB5C175A3DAE}.Release|Any CPU.Build.0 = Release|Any CPU
	EndGlobalSection
	GlobalSection(SolutionProperties) = preSolution
		HideSolutionNode = FALSE
	EndGlobalSection
	GlobalSection(ExtensibilityGlobals) = postSolution
		SolutionGuid = {B4446B68-B379-4B8F-852F-1FFE565B47A5}
	EndGlobalSection
EndGlobal
